
Microsoft Visual Studio Solution File, Format Version 12.00
# Visual Studio Version 16
VisualStudioVersion = 16.0.31729.503
MinimumVisualStudioVersion = 10.0.40219.1
Project("{FAE04EC0-301F-11D3-BF4B-00C04F79EFBC}") = "15112021", "15112021\15112021.csproj", "{69A0AC28-81E5-433D-A219-A45D71B16C85}"
EndProject
Project("{FAE04EC0-301F-11D3-BF4B-00C04F79EFBC}") = "OpenClosed", "OpenClosed\OpenClosed.csproj", "{C45B3D85-3DB7-494C-8DC1-EFF778915868}"
EndProject
Project("{FAE04EC0-301F-11D3-BF4B-00C04F79EFBC}") = "Liskov", "Liskov\Liskov.csproj", "{A6295959-AAAA-4963-94A4-49249A764AB1}"
EndProject
Project("{FAE04EC0-301F-11D3-BF4B-00C04F79EFBC}") = "ISP", "ISP\ISP.csproj", "{ED20815E-7F80-465F-ADED-E5E8A5B599D3}"
EndProject
Project("{FAE04EC0-301F-11D3-BF4B-00C04F79EFBC}") = "DIP", "DIP\DIP.csproj", "{06EC1000-7F16-419E-8460-7C1E950D2D4B}"
EndProject
Global
	GlobalSection(SolutionConfigurationPlatforms) = preSolution
		Debug|Any CPU = Debug|Any CPU
		Release|Any CPU = Release|Any CPU
	EndGlobalSection
	GlobalSection(ProjectConfigurationPlatforms) = postSolution
		{69A0AC28-81E5-433D-A219-A45D71B16C85}.Debug|Any CPU.ActiveCfg = Debug|Any CPU
		{69A0AC28-81E5-433D-A219-A45D71B16C85}.Debug|Any CPU.Build.0 = Debug|Any CPU
		{69A0AC28-81E5-433D-A219-A45D71B16C85}.Release|Any CPU.ActiveCfg = Release|Any CPU
		{69A0AC28-81E5-433D-A219-A45D71B16C85}.Release|Any CPU.Build.0 = Release|Any CPU
		{C45B3D85-3DB7-494C-8DC1-EFF778915868}.Debug|Any CPU.ActiveCfg = Debug|Any CPU
		{C45B3D85-3DB7-494C-8DC1-EFF778915868}.Debug|Any CPU.Build.0 = Debug|Any CPU
		{C45B3D85-3DB7-494C-8DC1-EFF778915868}.Release|Any CPU.ActiveCfg = Release|Any CPU
		{C45B3D85-3DB7-494C-8DC1-EFF778915868}.Release|Any CPU.Build.0 = Release|Any CPU
		{A6295959-AAAA-4963-94A4-49249A764AB1}.Debug|Any CPU.ActiveCfg = Debug|Any CPU
		{A6295959-AAAA-4963-94A4-49249A764AB1}.Debug|Any CPU.Build.0 = Debug|Any CPU
		{A6295959-AAAA-4963-94A4-49249A764AB1}.Release|Any CPU.ActiveCfg = Release|Any CPU
		{A6295959-AAAA-4963-94A4-49249A764AB1}.Release|Any CPU.Build.0 = Release|Any CPU
		{ED20815E-7F80-465F-ADED-E5E8A5B599D3}.Debug|Any CPU.ActiveCfg = Debug|Any CPU
		{ED20815E-7F80-465F-ADED-E5E8A5B599D3}.Debug|Any CPU.Build.0 = Debug|Any CPU
		{ED20815E-7F80-465F-ADED-E5E8A5B599D3}.Release|Any CPU.ActiveCfg = Release|Any CPU
		{ED20815E-7F80-465F-ADED-E5E8A5B599D3}.Release|Any CPU.Build.0 = Release|Any CPU
		{06EC1000-7F16-419E-8460-7C1E950D2D4B}.Debug|Any CPU.ActiveCfg = Debug|Any CPU
		{06EC1000-7F16-419E-8460-7C1E950D2D4B}.Debug|Any CPU.Build.0 = Debug|Any CPU
		{06EC1000-7F16-419E-8460-7C1E950D2D4B}.Release|Any CPU.ActiveCfg = Release|Any CPU
		{06EC1000-7F16-419E-8460-7C1E950D2D4B}.Release|Any CPU.Build.0 = Release|Any CPU
	EndGlobalSection
	GlobalSection(SolutionProperties) = preSolution
		HideSolutionNode = FALSE
	EndGlobalSection
	GlobalSection(ExtensibilityGlobals) = postSolution
		SolutionGuid = {33FCFD9F-E68B-43F9-9AA7-F8E278807F7B}
	EndGlobalSection
EndGlobal
